// !$*UTF8*$!
{
	archiveVersion = 1;
	classes = {
	};
	objectVersion = 77;
	objects = {

/* Begin PBXBuildFile section */
		9027AC6C2DA6ED0B00FBB470 /* FirebaseAnalytics in Frameworks */ = {isa = PBXBuildFile; productRef = 9027AC6B2DA6ED0B00FBB470 /* FirebaseAnalytics */; };
		9027AC6E2DA6ED0B00FBB470 /* FirebaseAnalyticsOnDeviceConversion in Frameworks */ = {isa = PBXBuildFile; productRef = 9027AC6D2DA6ED0B00FBB470 /* FirebaseAnalyticsOnDeviceConversion */; };
		9027AC702DA6ED0B00FBB470 /* FirebaseAuth in Frameworks */ = {isa = PBXBuildFile; productRef = 9027AC6F2DA6ED0B00FBB470 /* FirebaseAuth */; };
		9027AC722DA6ED0B00FBB470 /* FirebaseCore in Frameworks */ = {isa = PBXBuildFile; productRef = 9027AC712DA6ED0B00FBB470 /* FirebaseCore */; };
		9027AC742DA6ED0B00FBB470 /* FirebaseDatabase in Frameworks */ = {isa = PBXBuildFile; productRef = 9027AC732DA6ED0B00FBB470 /* FirebaseDatabase */; };
		9027AC762DA6ED0B00FBB470 /* FirebaseDynamicLinks in Frameworks */ = {isa = PBXBuildFile; productRef = 9027AC752DA6ED0B00FBB470 /* FirebaseDynamicLinks */; };
		9027AC782DA6ED0B00FBB470 /* FirebaseFirestore in Frameworks */ = {isa = PBXBuildFile; productRef = 9027AC772DA6ED0B00FBB470 /* FirebaseFirestore */; };
		9027AC7A2DA6ED0B00FBB470 /* FirebaseFirestoreCombine-Community in Frameworks */ = {isa = PBXBuildFile; productRef = 9027AC792DA6ED0B00FBB470 /* FirebaseFirestoreCombine-Community */; };
		9027AC7C2DA6ED0B00FBB470 /* FirebaseStorage in Frameworks */ = {isa = PBXBuildFile; productRef = 9027AC7B2DA6ED0B00FBB470 /* FirebaseStorage */; };
/* End PBXBuildFile section */

/* Begin PBXContainerItemProxy section */
		9027AC342DA6E54F00FBB470 /* PBXContainerItemProxy */ = {
			isa = PBXContainerItemProxy;
			containerPortal = 9027AC1E2DA6E54E00FBB470 /* Project object */;
			proxyType = 1;
			remoteGlobalIDString = 9027AC252DA6E54E00FBB470;
			remoteInfo = "Campus Ride Share";
		};
		9027AC3E2DA6E54F00FBB470 /* PBXContainerItemProxy */ = {
			isa = PBXContainerItemProxy;
			containerPortal = 9027AC1E2DA6E54E00FBB470 /* Project object */;
			proxyType = 1;
			remoteGlobalIDString = 9027AC252DA6E54E00FBB470;
			remoteInfo = "Campus Ride Share";
		};
/* End PBXContainerItemProxy section */

/* Begin PBXFileReference section */
		9027AC262DA6E54E00FBB470 /* Campus Ride Share.app */ = {isa = PBXFileReference; explicitFileType = wrapper.application; includeInIndex = 0; path = "Campus Ride Share.app"; sourceTree = BUILT_PRODUCTS_DIR; };
		9027AC332DA6E54F00FBB470 /* Campus Ride ShareTests.xctest */ = {isa = PBXFileReference; explicitFileType = wrapper.cfbundle; includeInIndex = 0; path = "Campus Ride ShareTests.xctest"; sourceTree = BUILT_PRODUCTS_DIR; };
		9027AC3D2DA6E54F00FBB470 /* Campus Ride ShareUITests.xctest */ = {isa = PBXFileReference; explicitFileType = wrapper.cfbundle; includeInIndex = 0; path = "Campus Ride ShareUITests.xctest"; sourceTree = BUILT_PRODUCTS_DIR; };
/* End PBXFileReference section */

/* Begin PBXFileSystemSynchronizedRootGroup section */
		9027AC282DA6E54E00FBB470 /* Campus Ride Share */ = {
			isa = PBXFileSystemSynchronizedRootGroup;
			path = "Campus Ride Share";
			sourceTree = "<group>";
		};
		9027AC362DA6E54F00FBB470 /* Campus Ride ShareTests */ = {
			isa = PBXFileSystemSynchronizedRootGroup;
			path = "Campus Ride ShareTests";
			sourceTree = "<group>";
		};
		9027AC402DA6E54F00FBB470 /* Campus Ride ShareUITests */ = {
			isa = PBXFileSystemSynchronizedRootGroup;
			path = "Campus Ride ShareUITests";
			sourceTree = "<group>";
		};
/* End PBXFileSystemSynchronizedRootGroup section */

/* Begin PBXFrameworksBuildPhase section */
		9027AC232DA6E54E00FBB470 /* Frameworks */ = {
			isa = PBXFrameworksBuildPhase;
			buildActionMask = 2147483647;
			files = (
				9027AC742DA6ED0B00FBB470 /* FirebaseDatabase in Frameworks */,
				9027AC7A2DA6ED0B00FBB470 /* FirebaseFirestoreCombine-Community in Frameworks */,
				9027AC7C2DA6ED0B00FBB470 /* FirebaseStorage in Frameworks */,
				9027AC6C2DA6ED0B00FBB470 /* FirebaseAnalytics in Frameworks */,
				9027AC702DA6ED0B00FBB470 /* FirebaseAuth in Frameworks */,
				9027AC722DA6ED0B00FBB470 /* FirebaseCore in Frameworks */,
				9027AC6E2DA6ED0B00FBB470 /* FirebaseAnalyticsOnDeviceConversion in Frameworks */,
				9027AC762DA6ED0B00FBB470 /* FirebaseDynamicLinks in Frameworks */,
				9027AC782DA6ED0B00FBB470 /* FirebaseFirestore in Frameworks */,
			);
			runOnlyForDeploymentPostprocessing = 0;
		};
		9027AC302DA6E54F00FBB470 /* Frameworks */ = {
			isa = PBXFrameworksBuildPhase;
			buildActionMask = 2147483647;
			files = (
			);
			runOnlyForDeploymentPostprocessing = 0;
		};
		9027AC3A2DA6E54F00FBB470 /* Frameworks */ = {
			isa = PBXFrameworksBuildPhase;
			buildActionMask = 2147483647;
			files = (
			);
			runOnlyForDeploymentPostprocessing = 0;
		};
/* End PBXFrameworksBuildPhase section */

/* Begin PBXGroup section */
		9027AC1D2DA6E54E00FBB470 = {
			isa = PBXGroup;
			children = (
				9027AC282DA6E54E00FBB470 /* Campus Ride Share */,
				9027AC362DA6E54F00FBB470 /* Campus Ride ShareTests */,
				9027AC402DA6E54F00FBB470 /* Campus Ride ShareUITests */,
				9027AC272DA6E54E00FBB470 /* Products */,
			);
			sourceTree = "<group>";
		};
		9027AC272DA6E54E00FBB470 /* Products */ = {
			isa = PBXGroup;
			children = (
				9027AC262DA6E54E00FBB470 /* Campus Ride Share.app */,
				9027AC332DA6E54F00FBB470 /* Campus Ride ShareTests.xctest */,
				9027AC3D2DA6E54F00FBB470 /* Campus Ride ShareUITests.xctest */,
			);
			name = Products;
			sourceTree = "<group>";
		};
/* End PBXGroup section */

/* Begin PBXNativeTarget section */
		9027AC252DA6E54E00FBB470 /* Campus Ride Share */ = {
			isa = PBXNativeTarget;
			buildConfigurationList = 9027AC472DA6E54F00FBB470 /* Build configuration list for PBXNativeTarget "Campus Ride Share" */;
			buildPhases = (
				9027AC222DA6E54E00FBB470 /* Sources */,
				9027AC232DA6E54E00FBB470 /* Frameworks */,
				9027AC242DA6E54E00FBB470 /* Resources */,
			);
			buildRules = (
			);
			dependencies = (
			);
			fileSystemSynchronizedGroups = (
				9027AC282DA6E54E00FBB470 /* Campus Ride Share */,
			);
			name = "Campus Ride Share";
			packageProductDependencies = (
				9027AC6B2DA6ED0B00FBB470 /* FirebaseAnalytics */,
				9027AC6D2DA6ED0B00FBB470 /* FirebaseAnalyticsOnDeviceConversion */,
				9027AC6F2DA6ED0B00FBB470 /* FirebaseAuth */,
				9027AC712DA6ED0B00FBB470 /* FirebaseCore */,
				9027AC732DA6ED0B00FBB470 /* FirebaseDatabase */,
				9027AC752DA6ED0B00FBB470 /* FirebaseDynamicLinks */,
				9027AC772DA6ED0B00FBB470 /* FirebaseFirestore */,
				9027AC792DA6ED0B00FBB470 /* FirebaseFirestoreCombine-Community */,
				9027AC7B2DA6ED0B00FBB470 /* FirebaseStorage */,
			);
			productName = "Campus Ride Share";
			productReference = 9027AC262DA6E54E00FBB470 /* Campus Ride Share.app */;
			productType = "com.apple.product-type.application";
		};
		9027AC322DA6E54F00FBB470 /* Campus Ride ShareTests */ = {
			isa = PBXNativeTarget;
			buildConfigurationList = 9027AC4A2DA6E54F00FBB470 /* Build configuration list for PBXNativeTarget "Campus Ride ShareTests" */;
			buildPhases = (
				9027AC2F2DA6E54F00FBB470 /* Sources */,
				9027AC302DA6E54F00FBB470 /* Frameworks */,
				9027AC312DA6E54F00FBB470 /* Resources */,
			);
			buildRules = (
			);
			dependencies = (
				9027AC352DA6E54F00FBB470 /* PBXTargetDependency */,
			);
			fileSystemSynchronizedGroups = (
				9027AC362DA6E54F00FBB470 /* Campus Ride ShareTests */,
			);
			name = "Campus Ride ShareTests";
			packageProductDependencies = (
			);
			productName = "Campus Ride ShareTests";
			productReference = 9027AC332DA6E54F00FBB470 /* Campus Ride ShareTests.xctest */;
			productType = "com.apple.product-type.bundle.unit-test";
		};
		9027AC3C2DA6E54F00FBB470 /* Campus Ride ShareUITests */ = {
			isa = PBXNativeTarget;
			buildConfigurationList = 9027AC4D2DA6E54F00FBB470 /* Build configuration list for PBXNativeTarget "Campus Ride ShareUITests" */;
			buildPhases = (
				9027AC392DA6E54F00FBB470 /* Sources */,
				9027AC3A2DA6E54F00FBB470 /* Frameworks */,
				9027AC3B2DA6E54F00FBB470 /* Resources */,
			);
			buildRules = (
			);
			dependencies = (
				9027AC3F2DA6E54F00FBB470 /* PBXTargetDependency */,
			);
			fileSystemSynchronizedGroups = (
				9027AC402DA6E54F00FBB470 /* Campus Ride ShareUITests */,
			);
			name = "Campus Ride ShareUITests";
			packageProductDependencies = (
			);
			productName = "Campus Ride ShareUITests";
			productReference = 9027AC3D2DA6E54F00FBB470 /* Campus Ride ShareUITests.xctest */;
			productType = "com.apple.product-type.bundle.ui-testing";
		};
/* End PBXNativeTarget section */

/* Begin PBXProject section */
		9027AC1E2DA6E54E00FBB470 /* Project object */ = {
			isa = PBXProject;
			attributes = {
				BuildIndependentTargetsInParallel = 1;
				LastSwiftUpdateCheck = 1630;
				LastUpgradeCheck = 1630;
				TargetAttributes = {
					9027AC252DA6E54E00FBB470 = {
						CreatedOnToolsVersion = 16.3;
					};
					9027AC322DA6E54F00FBB470 = {
						CreatedOnToolsVersion = 16.3;
						TestTargetID = 9027AC252DA6E54E00FBB470;
					};
					9027AC3C2DA6E54F00FBB470 = {
						CreatedOnToolsVersion = 16.3;
						TestTargetID = 9027AC252DA6E54E00FBB470;
					};
				};
			};
			buildConfigurationList = 9027AC212DA6E54E00FBB470 /* Build configuration list for PBXProject "Campus Ride Share" */;
			developmentRegion = en;
			hasScannedForEncodings = 0;
			knownRegions = (
				en,
				Base,
			);
			mainGroup = 9027AC1D2DA6E54E00FBB470;
			minimizedProjectReferenceProxies = 1;
			packageReferences = (
				9027AC6A2DA6ED0B00FBB470 /* XCRemoteSwiftPackageReference "firebase-ios-sdk" */,
			);
			preferredProjectObjectVersion = 77;
			productRefGroup = 9027AC272DA6E54E00FBB470 /* Products */;
			projectDirPath = "";
			projectRoot = "";
			targets = (
				9027AC252DA6E54E00FBB470 /* Campus Ride Share */,
				9027AC322DA6E54F00FBB470 /* Campus Ride ShareTests */,
				9027AC3C2DA6E54F00FBB470 /* Campus Ride ShareUITests */,
			);
		};
/* End PBXProject section */

/* Begin PBXResourcesBuildPhase section */
		9027AC242DA6E54E00FBB470 /* Resources */ = {
			isa = PBXResourcesBuildPhase;
			buildActionMask = 2147483647;
			files = (
			);
			runOnlyForDeploymentPostprocessing = 0;
		};
		9027AC312DA6E54F00FBB470 /* Resources */ = {
			isa = PBXResourcesBuildPhase;
			buildActionMask = 2147483647;
			files = (
			);
			runOnlyForDeploymentPostprocessing = 0;
		};
		9027AC3B2DA6E54F00FBB470 /* Resources */ = {
			isa = PBXResourcesBuildPhase;
			buildActionMask = 2147483647;
			files = (
			);
			runOnlyForDeploymentPostprocessing = 0;
		};
/* End PBXResourcesBuildPhase section */

/* Begin PBXSourcesBuildPhase section */
		9027AC222DA6E54E00FBB470 /* Sources */ = {
			isa = PBXSourcesBuildPhase;
			buildActionMask = 2147483647;
			files = (
			);
			runOnlyForDeploymentPostprocessing = 0;
		};
		9027AC2F2DA6E54F00FBB470 /* Sources */ = {
			isa = PBXSourcesBuildPhase;
			buildActionMask = 2147483647;
			files = (
			);
			runOnlyForDeploymentPostprocessing = 0;
		};
		9027AC392DA6E54F00FBB470 /* Sources */ = {
			isa = PBXSourcesBuildPhase;
			buildActionMask = 2147483647;
			files = (
			);
			runOnlyForDeploymentPostprocessing = 0;
		};
/* End PBXSourcesBuildPhase section */

/* Begin PBXTargetDependency section */
		9027AC352DA6E54F00FBB470 /* PBXTargetDependency */ = {
			isa = PBXTargetDependency;
			target = 9027AC252DA6E54E00FBB470 /* Campus Ride Share */;
			targetProxy = 9027AC342DA6E54F00FBB470 /* PBXContainerItemProxy */;
		};
		9027AC3F2DA6E54F00FBB470 /* PBXTargetDependency */ = {
			isa = PBXTargetDependency;
			target = 9027AC252DA6E54E00FBB470 /* Campus Ride Share */;
			targetProxy = 9027AC3E2DA6E54F00FBB470 /* PBXContainerItemProxy */;
		};
/* End PBXTargetDependency section */

/* Begin XCBuildConfiguration section */
		9027AC452DA6E54F00FBB470 /* Debug */ = {
			isa = XCBuildConfiguration;
			buildSettings = {
				ALWAYS_SEARCH_USER_PATHS = NO;
				ASSETCATALOG_COMPILER_GENERATE_SWIFT_ASSET_SYMBOL_EXTENSIONS = YES;
				CLANG_ANALYZER_NONNULL = YES;
				CLANG_ANALYZER_NUMBER_OBJECT_CONVERSION = YES_AGGRESSIVE;
				CLANG_CXX_LANGUAGE_STANDARD = "gnu++20";
				CLANG_ENABLE_MODULES = YES;
				CLANG_ENABLE_OBJC_ARC = YES;
				CLANG_ENABLE_OBJC_WEAK = YES;
				CLANG_WARN_BLOCK_CAPTURE_AUTORELEASING = YES;
				CLANG_WARN_BOOL_CONVERSION = YES;
				CLANG_WARN_COMMA = YES;
				CLANG_WARN_CONSTANT_CONVERSION = YES;
				CLANG_WARN_DEPRECATED_OBJC_IMPLEMENTATIONS = YES;
				CLANG_WARN_DIRECT_OBJC_ISA_USAGE = YES_ERROR;
				CLANG_WARN_DOCUMENTATION_COMMENTS = YES;
				CLANG_WARN_EMPTY_BODY = YES;
				CLANG_WARN_ENUM_CONVERSION = YES;
				CLANG_WARN_INFINITE_RECURSION = YES;
				CLANG_WARN_INT_CONVERSION = YES;
				CLANG_WARN_NON_LITERAL_NULL_CONVERSION = YES;
				CLANG_WARN_OBJC_IMPLICIT_RETAIN_SELF = YES;
				CLANG_WARN_OBJC_LITERAL_CONVERSION = YES;
				CLANG_WARN_OBJC_ROOT_CLASS = YES_ERROR;
				CLANG_WARN_QUOTED_INCLUDE_IN_FRAMEWORK_HEADER = YES;
				CLANG_WARN_RANGE_LOOP_ANALYSIS = YES;
				CLANG_WARN_STRICT_PROTOTYPES = YES;
				CLANG_WARN_SUSPICIOUS_MOVE = YES;
				CLANG_WARN_UNGUARDED_AVAILABILITY = YES_AGGRESSIVE;
				CLANG_WARN_UNREACHABLE_CODE = YES;
				CLANG_WARN__DUPLICATE_METHOD_MATCH = YES;
				COPY_PHASE_STRIP = NO;
				DEBUG_INFORMATION_FORMAT = dwarf;
				DEVELOPMENT_TEAM = 8D5D6HU857;
				ENABLE_STRICT_OBJC_MSGSEND = YES;
				ENABLE_TESTABILITY = YES;
				ENABLE_USER_SCRIPT_SANDBOXING = YES;
				GCC_C_LANGUAGE_STANDARD = gnu17;
				GCC_DYNAMIC_NO_PIC = NO;
				GCC_NO_COMMON_BLOCKS = YES;
				GCC_OPTIMIZATION_LEVEL = 0;
				GCC_PREPROCESSOR_DEFINITIONS = (
					"DEBUG=1",
					"$(inherited)",
				);
				GCC_WARN_64_TO_32_BIT_CONVERSION = YES;
				GCC_WARN_ABOUT_RETURN_TYPE = YES_ERROR;
				GCC_WARN_UNDECLARED_SELECTOR = YES;
				GCC_WARN_UNINITIALIZED_AUTOS = YES_AGGRESSIVE;
				GCC_WARN_UNUSED_FUNCTION = YES;
				GCC_WARN_UNUSED_VARIABLE = YES;
				IPHONEOS_DEPLOYMENT_TARGET = 18.4;
				LOCALIZATION_PREFERS_STRING_CATALOGS = YES;
				MTL_ENABLE_DEBUG_INFO = INCLUDE_SOURCE;
				MTL_FAST_MATH = YES;
				ONLY_ACTIVE_ARCH = YES;
				SDKROOT = iphoneos;
				SWIFT_ACTIVE_COMPILATION_CONDITIONS = "DEBUG $(inherited)";
				SWIFT_OPTIMIZATION_LEVEL = "-Onone";
			};
			name = Debug;
		};
		9027AC462DA6E54F00FBB470 /* Release */ = {
			isa = XCBuildConfiguration;
			buildSettings = {
				ALWAYS_SEARCH_USER_PATHS = NO;
				ASSETCATALOG_COMPILER_GENERATE_SWIFT_ASSET_SYMBOL_EXTENSIONS = YES;
				CLANG_ANALYZER_NONNULL = YES;
				CLANG_ANALYZER_NUMBER_OBJECT_CONVERSION = YES_AGGRESSIVE;
				CLANG_CXX_LANGUAGE_STANDARD = "gnu++20";
				CLANG_ENABLE_MODULES = YES;
				CLANG_ENABLE_OBJC_ARC = YES;
				CLANG_ENABLE_OBJC_WEAK = YES;
				CLANG_WARN_BLOCK_CAPTURE_AUTORELEASING = YES;
				CLANG_WARN_BOOL_CONVERSION = YES;
				CLANG_WARN_COMMA = YES;
				CLANG_WARN_CONSTANT_CONVERSION = YES;
				CLANG_WARN_DEPRECATED_OBJC_IMPLEMENTATIONS = YES;
				CLANG_WARN_DIRECT_OBJC_ISA_USAGE = YES_ERROR;
				CLANG_WARN_DOCUMENTATION_COMMENTS = YES;
				CLANG_WARN_EMPTY_BODY = YES;
				CLANG_WARN_ENUM_CONVERSION = YES;
				CLANG_WARN_INFINITE_RECURSION = YES;
				CLANG_WARN_INT_CONVERSION = YES;
				CLANG_WARN_NON_LITERAL_NULL_CONVERSION = YES;
				CLANG_WARN_OBJC_IMPLICIT_RETAIN_SELF = YES;
				CLANG_WARN_OBJC_LITERAL_CONVERSION = YES;
				CLANG_WARN_OBJC_ROOT_CLASS = YES_ERROR;
				CLANG_WARN_QUOTED_INCLUDE_IN_FRAMEWORK_HEADER = YES;
				CLANG_WARN_RANGE_LOOP_ANALYSIS = YES;
				CLANG_WARN_STRICT_PROTOTYPES = YES;
				CLANG_WARN_SUSPICIOUS_MOVE = YES;
				CLANG_WARN_UNGUARDED_AVAILABILITY = YES_AGGRESSIVE;
				CLANG_WARN_UNREACHABLE_CODE = YES;
				CLANG_WARN__DUPLICATE_METHOD_MATCH = YES;
				COPY_PHASE_STRIP = NO;
				DEBUG_INFORMATION_FORMAT = "dwarf-with-dsym";
				DEVELOPMENT_TEAM = 8D5D6HU857;
				ENABLE_NS_ASSERTIONS = NO;
				ENABLE_STRICT_OBJC_MSGSEND = YES;
				ENABLE_USER_SCRIPT_SANDBOXING = YES;
				GCC_C_LANGUAGE_STANDARD = gnu17;
				GCC_NO_COMMON_BLOCKS = YES;
				GCC_WARN_64_TO_32_BIT_CONVERSION = YES;
				GCC_WARN_ABOUT_RETURN_TYPE = YES_ERROR;
				GCC_WARN_UNDECLARED_SELECTOR = YES;
				GCC_WARN_UNINITIALIZED_AUTOS = YES_AGGRESSIVE;
				GCC_WARN_UNUSED_FUNCTION = YES;
				GCC_WARN_UNUSED_VARIABLE = YES;
				IPHONEOS_DEPLOYMENT_TARGET = 18.4;
				LOCALIZATION_PREFERS_STRING_CATALOGS = YES;
				MTL_ENABLE_DEBUG_INFO = NO;
				MTL_FAST_MATH = YES;
				SDKROOT = iphoneos;
				SWIFT_COMPILATION_MODE = wholemodule;
				VALIDATE_PRODUCT = YES;
			};
			name = Release;
		};
		9027AC482DA6E54F00FBB470 /* Debug */ = {
			isa = XCBuildConfiguration;
			buildSettings = {
				ASSETCATALOG_COMPILER_APPICON_NAME = AppIcon;
				ASSETCATALOG_COMPILER_GLOBAL_ACCENT_COLOR_NAME = AccentColor;
				CODE_SIGN_STYLE = Automatic;
				CURRENT_PROJECT_VERSION = 1;
				DEVELOPMENT_TEAM = 8D5D6HU857;
				ENABLE_PREVIEWS = YES;
				GENERATE_INFOPLIST_FILE = YES;
				INFOPLIST_KEY_UIApplicationSceneManifest_Generation = YES;
				INFOPLIST_KEY_UIApplicationSupportsIndirectInputEvents = YES;
				INFOPLIST_KEY_UILaunchScreen_Generation = YES;
				INFOPLIST_KEY_UISupportedInterfaceOrientations_iPad = "UIInterfaceOrientationPortrait UIInterfaceOrientationPortraitUpsideDown UIInterfaceOrientationLandscapeLeft UIInterfaceOrientationLandscapeRight";
				INFOPLIST_KEY_UISupportedInterfaceOrientations_iPhone = "UIInterfaceOrientationPortrait UIInterfaceOrientationLandscapeLeft UIInterfaceOrientationLandscapeRight";
				LD_RUNPATH_SEARCH_PATHS = (
					"$(inherited)",
					"@executable_path/Frameworks",
				);
				MARKETING_VERSION = 1.0;
				PRODUCT_BUNDLE_IDENTIFIER = "Manu.Campus-Ride-Share";
				PRODUCT_NAME = "$(TARGET_NAME)";
				SWIFT_EMIT_LOC_STRINGS = YES;
				SWIFT_VERSION = 5.0;
				TARGETED_DEVICE_FAMILY = "1,2";
			};
			name = Debug;
		};
		9027AC492DA6E54F00FBB470 /* Release */ = {
			isa = XCBuildConfiguration;
			buildSettings = {
				ASSETCATALOG_COMPILER_APPICON_NAME = AppIcon;
				ASSETCATALOG_COMPILER_GLOBAL_ACCENT_COLOR_NAME = AccentColor;
				CODE_SIGN_STYLE = Automatic;
				CURRENT_PROJECT_VERSION = 1;
				DEVELOPMENT_TEAM = 8D5D6HU857;
				ENABLE_PREVIEWS = YES;
				GENERATE_INFOPLIST_FILE = YES;
				INFOPLIST_KEY_UIApplicationSceneManifest_Generation = YES;
				INFOPLIST_KEY_UIApplicationSupportsIndirectInputEvents = YES;
				INFOPLIST_KEY_UILaunchScreen_Generation = YES;
				INFOPLIST_KEY_UISupportedInterfaceOrientations_iPad = "UIInterfaceOrientationPortrait UIInterfaceOrientationPortraitUpsideDown UIInterfaceOrientationLandscapeLeft UIInterfaceOrientationLandscapeRight";
				INFOPLIST_KEY_UISupportedInterfaceOrientations_iPhone = "UIInterfaceOrientationPortrait UIInterfaceOrientationLandscapeLeft UIInterfaceOrientationLandscapeRight";
				LD_RUNPATH_SEARCH_PATHS = (
					"$(inherited)",
					"@executable_path/Frameworks",
				);
				MARKETING_VERSION = 1.0;
				PRODUCT_BUNDLE_IDENTIFIER = "Manu.Campus-Ride-Share";
				PRODUCT_NAME = "$(TARGET_NAME)";
				SWIFT_EMIT_LOC_STRINGS = YES;
				SWIFT_VERSION = 5.0;
				TARGETED_DEVICE_FAMILY = "1,2";
			};
			name = Release;
		};
		9027AC4B2DA6E54F00FBB470 /* Debug */ = {
			isa = XCBuildConfiguration;
			buildSettings = {
				BUNDLE_LOADER = "$(TEST_HOST)";
				CODE_SIGN_STYLE = Automatic;
				CURRENT_PROJECT_VERSION = 1;
				DEVELOPMENT_TEAM = 8D5D6HU857;
				GENERATE_INFOPLIST_FILE = YES;
				IPHONEOS_DEPLOYMENT_TARGET = 18.4;
				MARKETING_VERSION = 1.0;
				PRODUCT_BUNDLE_IDENTIFIER = "Manu.Campus-Ride-ShareTests";
				PRODUCT_NAME = "$(TARGET_NAME)";
				SWIFT_EMIT_LOC_STRINGS = NO;
				SWIFT_VERSION = 5.0;
				TARGETED_DEVICE_FAMILY = "1,2";
				TEST_HOST = "$(BUILT_PRODUCTS_DIR)/Campus Ride Share.app/$(BUNDLE_EXECUTABLE_FOLDER_PATH)/Campus Ride Share";
			};
			name = Debug;
		};
		9027AC4C2DA6E54F00FBB470 /* Release */ = {
			isa = XCBuildConfiguration;
			buildSettings = {
				BUNDLE_LOADER = "$(TEST_HOST)";
				CODE_SIGN_STYLE = Automatic;
				CURRENT_PROJECT_VERSION = 1;
				DEVELOPMENT_TEAM = 8D5D6HU857;
				GENERATE_INFOPLIST_FILE = YES;
				IPHONEOS_DEPLOYMENT_TARGET = 18.4;
				MARKETING_VERSION = 1.0;
				PRODUCT_BUNDLE_IDENTIFIER = "Manu.Campus-Ride-ShareTests";
				PRODUCT_NAME = "$(TARGET_NAME)";
				SWIFT_EMIT_LOC_STRINGS = NO;
				SWIFT_VERSION = 5.0;
				TARGETED_DEVICE_FAMILY = "1,2";
				TEST_HOST = "$(BUILT_PRODUCTS_DIR)/Campus Ride Share.app/$(BUNDLE_EXECUTABLE_FOLDER_PATH)/Campus Ride Share";
			};
			name = Release;
		};
		9027AC4E2DA6E54F00FBB470 /* Debug */ = {
			isa = XCBuildConfiguration;
			buildSettings = {
				CODE_SIGN_STYLE = Automatic;
				CURRENT_PROJECT_VERSION = 1;
				DEVELOPMENT_TEAM = 8D5D6HU857;
				GENERATE_INFOPLIST_FILE = YES;
				MARKETING_VERSION = 1.0;
				PRODUCT_BUNDLE_IDENTIFIER = "Manu.Campus-Ride-ShareUITests";
				PRODUCT_NAME = "$(TARGET_NAME)";
				SWIFT_EMIT_LOC_STRINGS = NO;
				SWIFT_VERSION = 5.0;
				TARGETED_DEVICE_FAMILY = "1,2";
				TEST_TARGET_NAME = "Campus Ride Share";
			};
			name = Debug;
		};
		9027AC4F2DA6E54F00FBB470 /* Release */ = {
			isa = XCBuildConfiguration;
			buildSettings = {
				CODE_SIGN_STYLE = Automatic;
				CURRENT_PROJECT_VERSION = 1;
				DEVELOPMENT_TEAM = 8D5D6HU857;
				GENERATE_INFOPLIST_FILE = YES;
				MARKETING_VERSION = 1.0;
				PRODUCT_BUNDLE_IDENTIFIER = "Manu.Campus-Ride-ShareUITests";
				PRODUCT_NAME = "$(TARGET_NAME)";
				SWIFT_EMIT_LOC_STRINGS = NO;
				SWIFT_VERSION = 5.0;
				TARGETED_DEVICE_FAMILY = "1,2";
				TEST_TARGET_NAME = "Campus Ride Share";
			};
			name = Release;
		};
/* End XCBuildConfiguration section */

/* Begin XCConfigurationList section */
		9027AC212DA6E54E00FBB470 /* Build configuration list for PBXProject "Campus Ride Share" */ = {
			isa = XCConfigurationList;
			buildConfigurations = (
				9027AC452DA6E54F00FBB470 /* Debug */,
				9027AC462DA6E54F00FBB470 /* Release */,
			);
			defaultConfigurationIsVisible = 0;
			defaultConfigurationName = Release;
		};
		9027AC472DA6E54F00FBB470 /* Build configuration list for PBXNativeTarget "Campus Ride Share" */ = {
			isa = XCConfigurationList;
			buildConfigurations = (
				9027AC482DA6E54F00FBB470 /* Debug */,
				9027AC492DA6E54F00FBB470 /* Release */,
			);
			defaultConfigurationIsVisible = 0;
			defaultConfigurationName = Release;
		};
		9027AC4A2DA6E54F00FBB470 /* Build configuration list for PBXNativeTarget "Campus Ride ShareTests" */ = {
			isa = XCConfigurationList;
			buildConfigurations = (
				9027AC4B2DA6E54F00FBB470 /* Debug */,
				9027AC4C2DA6E54F00FBB470 /* Release */,
			);
			defaultConfigurationIsVisible = 0;
			defaultConfigurationName = Release;
		};
		9027AC4D2DA6E54F00FBB470 /* Build configuration list for PBXNativeTarget "Campus Ride ShareUITests" */ = {
			isa = XCConfigurationList;
			buildConfigurations = (
				9027AC4E2DA6E54F00FBB470 /* Debug */,
				9027AC4F2DA6E54F00FBB470 /* Release */,
			);
			defaultConfigurationIsVisible = 0;
			defaultConfigurationName = Release;
		};
/* End XCConfigurationList section */

/* Begin XCRemoteSwiftPackageReference section */
		9027AC6A2DA6ED0B00FBB470 /* XCRemoteSwiftPackageReference "firebase-ios-sdk" */ = {
			isa = XCRemoteSwiftPackageReference;
			repositoryURL = "https://github.com/firebase/firebase-ios-sdk.git";
			requirement = {
				kind = upToNextMajorVersion;
				minimumVersion = 11.11.0;
			};
		};
/* End XCRemoteSwiftPackageReference section */

/* Begin XCSwiftPackageProductDependency section */
		9027AC6B2DA6ED0B00FBB470 /* FirebaseAnalytics */ = {
			isa = XCSwiftPackageProductDependency;
			package = 9027AC6A2DA6ED0B00FBB470 /* XCRemoteSwiftPackageReference "firebase-ios-sdk" */;
			productName = FirebaseAnalytics;
		};
		9027AC6D2DA6ED0B00FBB470 /* FirebaseAnalyticsOnDeviceConversion */ = {
			isa = XCSwiftPackageProductDependency;
			package = 9027AC6A2DA6ED0B00FBB470 /* XCRemoteSwiftPackageReference "firebase-ios-sdk" */;
			productName = FirebaseAnalyticsOnDeviceConversion;
		};
		9027AC6F2DA6ED0B00FBB470 /* FirebaseAuth */ = {
			isa = XCSwiftPackageProductDependency;
			package = 9027AC6A2DA6ED0B00FBB470 /* XCRemoteSwiftPackageReference "firebase-ios-sdk" */;
			productName = FirebaseAuth;
		};
		9027AC712DA6ED0B00FBB470 /* FirebaseCore */ = {
			isa = XCSwiftPackageProductDependency;
			package = 9027AC6A2DA6ED0B00FBB470 /* XCRemoteSwiftPackageReference "firebase-ios-sdk" */;
			productName = FirebaseCore;
		};
		9027AC732DA6ED0B00FBB470 /* FirebaseDatabase */ = {
			isa = XCSwiftPackageProductDependency;
			package = 9027AC6A2DA6ED0B00FBB470 /* XCRemoteSwiftPackageReference "firebase-ios-sdk" */;
			productName = FirebaseDatabase;
		};
		9027AC752DA6ED0B00FBB470 /* FirebaseDynamicLinks */ = {
			isa = XCSwiftPackageProductDependency;
			package = 9027AC6A2DA6ED0B00FBB470 /* XCRemoteSwiftPackageReference "firebase-ios-sdk" */;
			productName = FirebaseDynamicLinks;
		};
		9027AC772DA6ED0B00FBB470 /* FirebaseFirestore */ = {
			isa = XCSwiftPackageProductDependency;
			package = 9027AC6A2DA6ED0B00FBB470 /* XCRemoteSwiftPackageReference "firebase-ios-sdk" */;
			productName = FirebaseFirestore;
		};
		9027AC792DA6ED0B00FBB470 /* FirebaseFirestoreCombine-Community */ = {
			isa = XCSwiftPackageProductDependency;
			package = 9027AC6A2DA6ED0B00FBB470 /* XCRemoteSwiftPackageReference "firebase-ios-sdk" */;
			productName = "FirebaseFirestoreCombine-Community";
		};
		9027AC7B2DA6ED0B00FBB470 /* FirebaseStorage */ = {
			isa = XCSwiftPackageProductDependency;
			package = 9027AC6A2DA6ED0B00FBB470 /* XCRemoteSwiftPackageReference "firebase-ios-sdk" */;
			productName = FirebaseStorage;
		};
/* End XCSwiftPackageProductDependency section */
	};
	rootObject = 9027AC1E2DA6E54E00FBB470 /* Project object */;
}
